// !$*UTF8*$!
{
	archiveVersion = 1;
	classes = {
	};
	objectVersion = 46;
	objects = {

/* Begin PBXBuildFile section */
		9920AACB1B2474330065B12C /* ArrowTests.swift in Sources */ = {isa = PBXBuildFile; fileRef = 9920AACA1B2474330065B12C /* ArrowTests.swift */; };
		9920AAF11B2475E30065B12C /* Models.swift in Sources */ = {isa = PBXBuildFile; fileRef = 9920AAEC1B2475E30065B12C /* Models.swift */; };
		9920AAF21B2475E30065B12C /* AppDelegate.swift in Sources */ = {isa = PBXBuildFile; fileRef = 9920AAED1B2475E30065B12C /* AppDelegate.swift */; };
		9920AAF41B2475E30065B12C /* Usage.swift in Sources */ = {isa = PBXBuildFile; fileRef = 9920AAEF1B2475E30065B12C /* Usage.swift */; };
		9920AAF91B2476880065B12C /* Profile+Arrow.swift in Sources */ = {isa = PBXBuildFile; fileRef = 9920AAF71B2476880065B12C /* Profile+Arrow.swift */; };
		9920AAFA1B2476880065B12C /* Stats+Arrow.swift in Sources */ = {isa = PBXBuildFile; fileRef = 9920AAF81B2476880065B12C /* Stats+Arrow.swift */; };
		9920AAFE1B2476D60065B12C /* Profile.json in Resources */ = {isa = PBXBuildFile; fileRef = 9920AAFD1B2476D60065B12C /* Profile.json */; };
		9920AB021B248E380065B12C /* Arrow.swift in Sources */ = {isa = PBXBuildFile; fileRef = 9920AB011B248E380065B12C /* Arrow.swift */; };
/* End PBXBuildFile section */

/* Begin PBXContainerItemProxy section */
		9920AAC51B2474330065B12C /* PBXContainerItemProxy */ = {
			isa = PBXContainerItemProxy;
			containerPortal = 9920AAA71B2474330065B12C /* Project object */;
			proxyType = 1;
			remoteGlobalIDString = 9920AAAE1B2474330065B12C;
			remoteInfo = Arrow;
		};
/* End PBXContainerItemProxy section */

/* Begin PBXFileReference section */
		9920AAAF1B2474330065B12C /* Arrow.app */ = {isa = PBXFileReference; explicitFileType = wrapper.application; includeInIndex = 0; path = Arrow.app; sourceTree = BUILT_PRODUCTS_DIR; };
		9920AAB31B2474330065B12C /* Info.plist */ = {isa = PBXFileReference; lastKnownFileType = text.plist.xml; path = Info.plist; sourceTree = "<group>"; };
		9920AAC41B2474330065B12C /* ArrowTests.xctest */ = {isa = PBXFileReference; explicitFileType = wrapper.cfbundle; includeInIndex = 0; path = ArrowTests.xctest; sourceTree = BUILT_PRODUCTS_DIR; };
		9920AAC91B2474330065B12C /* Info.plist */ = {isa = PBXFileReference; lastKnownFileType = text.plist.xml; path = Info.plist; sourceTree = "<group>"; };
		9920AACA1B2474330065B12C /* ArrowTests.swift */ = {isa = PBXFileReference; lastKnownFileType = sourcecode.swift; path = ArrowTests.swift; sourceTree = "<group>"; };
		9920AAEC1B2475E30065B12C /* Models.swift */ = {isa = PBXFileReference; fileEncoding = 4; lastKnownFileType = sourcecode.swift; name = Models.swift; path = Source/Models.swift; sourceTree = SOURCE_ROOT; };
		9920AAED1B2475E30065B12C /* AppDelegate.swift */ = {isa = PBXFileReference; fileEncoding = 4; lastKnownFileType = sourcecode.swift; name = AppDelegate.swift; path = Source/AppDelegate.swift; sourceTree = SOURCE_ROOT; };
		9920AAEF1B2475E30065B12C /* Usage.swift */ = {isa = PBXFileReference; fileEncoding = 4; lastKnownFileType = sourcecode.swift; name = Usage.swift; path = Source/Usage.swift; sourceTree = SOURCE_ROOT; };
		9920AAF71B2476880065B12C /* Profile+Arrow.swift */ = {isa = PBXFileReference; fileEncoding = 4; lastKnownFileType = sourcecode.swift; path = "Profile+Arrow.swift"; sourceTree = "<group>"; };
		9920AAF81B2476880065B12C /* Stats+Arrow.swift */ = {isa = PBXFileReference; fileEncoding = 4; lastKnownFileType = sourcecode.swift; path = "Stats+Arrow.swift"; sourceTree = "<group>"; };
		9920AAFD1B2476D60065B12C /* Profile.json */ = {isa = PBXFileReference; fileEncoding = 4; lastKnownFileType = text.json; path = Profile.json; sourceTree = SOURCE_ROOT; };
		9920AB011B248E380065B12C /* Arrow.swift */ = {isa = PBXFileReference; fileEncoding = 4; lastKnownFileType = sourcecode.swift; name = Arrow.swift; path = ../Arrow.swift; sourceTree = "<group>"; };
/* End PBXFileReference section */

/* Begin PBXFrameworksBuildPhase section */
		9920AAAC1B2474330065B12C /* Frameworks */ = {
			isa = PBXFrameworksBuildPhase;
			buildActionMask = 2147483647;
			files = (
			);
			runOnlyForDeploymentPostprocessing = 0;
		};
		9920AAC11B2474330065B12C /* Frameworks */ = {
			isa = PBXFrameworksBuildPhase;
			buildActionMask = 2147483647;
			files = (
			);
			runOnlyForDeploymentPostprocessing = 0;
		};
/* End PBXFrameworksBuildPhase section */

/* Begin PBXGroup section */
		9920AAA61B2474330065B12C = {
			isa = PBXGroup;
			children = (
				9920AAED1B2475E30065B12C /* AppDelegate.swift */,
				9920AB011B248E380065B12C /* Arrow.swift */,
				9920AAB11B2474330065B12C /* Arrow */,
				9920AAC71B2474330065B12C /* ArrowTests */,
				9920AAB01B2474330065B12C /* Products */,
			);
			sourceTree = "<group>";
		};
		9920AAB01B2474330065B12C /* Products */ = {
			isa = PBXGroup;
			children = (
				9920AAAF1B2474330065B12C /* Arrow.app */,
				9920AAC41B2474330065B12C /* ArrowTests.xctest */,
			);
			name = Products;
			sourceTree = "<group>";
		};
		9920AAB11B2474330065B12C /* Arrow */ = {
			isa = PBXGroup;
			children = (
				9920AAEC1B2475E30065B12C /* Models.swift */,
				9920AAEF1B2475E30065B12C /* Usage.swift */,
				9920AAF61B2476880065B12C /* Mapping */,
				9920AAB21B2474330065B12C /* Supporting Files */,
			);
			path = Arrow;
			sourceTree = "<group>";
		};
		9920AAB21B2474330065B12C /* Supporting Files */ = {
			isa = PBXGroup;
			children = (
				9920AAB31B2474330065B12C /* Info.plist */,
				9920AAFD1B2476D60065B12C /* Profile.json */,
			);
			name = "Supporting Files";
			sourceTree = "<group>";
		};
		9920AAC71B2474330065B12C /* ArrowTests */ = {
			isa = PBXGroup;
			children = (
				9920AACA1B2474330065B12C /* ArrowTests.swift */,
				9920AAC81B2474330065B12C /* Supporting Files */,
			);
			path = ArrowTests;
			sourceTree = "<group>";
		};
		9920AAC81B2474330065B12C /* Supporting Files */ = {
			isa = PBXGroup;
			children = (
				9920AAC91B2474330065B12C /* Info.plist */,
			);
			name = "Supporting Files";
			sourceTree = "<group>";
		};
		9920AAF61B2476880065B12C /* Mapping */ = {
			isa = PBXGroup;
			children = (
				9920AAF71B2476880065B12C /* Profile+Arrow.swift */,
				9920AAF81B2476880065B12C /* Stats+Arrow.swift */,
			);
			name = Mapping;
			path = Source/Mapping;
			sourceTree = SOURCE_ROOT;
		};
/* End PBXGroup section */

/* Begin PBXNativeTarget section */
		9920AAAE1B2474330065B12C /* Arrow */ = {
			isa = PBXNativeTarget;
			buildConfigurationList = 9920AACE1B2474330065B12C /* Build configuration list for PBXNativeTarget "Arrow" */;
			buildPhases = (
				9920AAAB1B2474330065B12C /* Sources */,
				9920AAAC1B2474330065B12C /* Frameworks */,
				9920AAAD1B2474330065B12C /* Resources */,
			);
			buildRules = (
			);
			dependencies = (
			);
			name = Arrow;
			productName = Arrow;
			productReference = 9920AAAF1B2474330065B12C /* Arrow.app */;
			productType = "com.apple.product-type.application";
		};
		9920AAC31B2474330065B12C /* ArrowTests */ = {
			isa = PBXNativeTarget;
			buildConfigurationList = 9920AAD11B2474330065B12C /* Build configuration list for PBXNativeTarget "ArrowTests" */;
			buildPhases = (
				9920AAC01B2474330065B12C /* Sources */,
				9920AAC11B2474330065B12C /* Frameworks */,
				9920AAC21B2474330065B12C /* Resources */,
			);
			buildRules = (
			);
			dependencies = (
				9920AAC61B2474330065B12C /* PBXTargetDependency */,
			);
			name = ArrowTests;
			productName = ArrowTests;
			productReference = 9920AAC41B2474330065B12C /* ArrowTests.xctest */;
			productType = "com.apple.product-type.bundle.unit-test";
		};
/* End PBXNativeTarget section */

/* Begin PBXProject section */
		9920AAA71B2474330065B12C /* Project object */ = {
			isa = PBXProject;
			attributes = {
				LastUpgradeCheck = 0640;
				ORGANIZATIONNAME = "Sacha Durand Saint Omer";
				TargetAttributes = {
					9920AAAE1B2474330065B12C = {
						CreatedOnToolsVersion = 6.4;
					};
					9920AAC31B2474330065B12C = {
						CreatedOnToolsVersion = 6.4;
						TestTargetID = 9920AAAE1B2474330065B12C;
					};
				};
			};
			buildConfigurationList = 9920AAAA1B2474330065B12C /* Build configuration list for PBXProject "Arrow" */;
			compatibilityVersion = "Xcode 3.2";
			developmentRegion = English;
			hasScannedForEncodings = 0;
			knownRegions = (
				en,
				Base,
			);
			mainGroup = 9920AAA61B2474330065B12C;
			productRefGroup = 9920AAB01B2474330065B12C /* Products */;
			projectDirPath = "";
			projectRoot = "";
			targets = (
				9920AAAE1B2474330065B12C /* Arrow */,
				9920AAC31B2474330065B12C /* ArrowTests */,
			);
		};
/* End PBXProject section */

/* Begin PBXResourcesBuildPhase section */
		9920AAAD1B2474330065B12C /* Resources */ = {
			isa = PBXResourcesBuildPhase;
			buildActionMask = 2147483647;
			files = (
				9920AAFE1B2476D60065B12C /* Profile.json in Resources */,
			);
			runOnlyForDeploymentPostprocessing = 0;
		};
		9920AAC21B2474330065B12C /* Resources */ = {
			isa = PBXResourcesBuildPhase;
			buildActionMask = 2147483647;
			files = (
			);
			runOnlyForDeploymentPostprocessing = 0;
		};
/* End PBXResourcesBuildPhase section */

/* Begin PBXSourcesBuildPhase section */
		9920AAAB1B2474330065B12C /* Sources */ = {
			isa = PBXSourcesBuildPhase;
			buildActionMask = 2147483647;
			files = (
				9920AAF21B2475E30065B12C /* AppDelegate.swift in Sources */,
				9920AAFA1B2476880065B12C /* Stats+Arrow.swift in Sources */,
				9920AAF91B2476880065B12C /* Profile+Arrow.swift in Sources */,
				9920AAF11B2475E30065B12C /* Models.swift in Sources */,
				9920AAF41B2475E30065B12C /* Usage.swift in Sources */,
				9920AB021B248E380065B12C /* Arrow.swift in Sources */,
			);
			runOnlyForDeploymentPostprocessing = 0;
		};
		9920AAC01B2474330065B12C /* Sources */ = {
			isa = PBXSourcesBuildPhase;
			buildActionMask = 2147483647;
			files = (
				9920AACB1B2474330065B12C /* ArrowTests.swift in Sources */,
			);
			runOnlyForDeploymentPostprocessing = 0;
		};
/* End PBXSourcesBuildPhase section */

/* Begin PBXTargetDependency section */
		9920AAC61B2474330065B12C /* PBXTargetDependency */ = {
			isa = PBXTargetDependency;
			target = 9920AAAE1B2474330065B12C /* Arrow */;
			targetProxy = 9920AAC51B2474330065B12C /* PBXContainerItemProxy */;
		};
/* End PBXTargetDependency section */

/* Begin XCBuildConfiguration section */
		9920AACC1B2474330065B12C /* Debug */ = {
			isa = XCBuildConfiguration;
			buildSettings = {
				ALWAYS_SEARCH_USER_PATHS = NO;
				CLANG_CXX_LANGUAGE_STANDARD = "gnu++0x";
				CLANG_CXX_LIBRARY = "libc++";
				CLANG_ENABLE_MODULES = YES;
				CLANG_ENABLE_OBJC_ARC = YES;
				CLANG_WARN_BOOL_CONVERSION = YES;
				CLANG_WARN_CONSTANT_CONVERSION = YES;
				CLANG_WARN_DIRECT_OBJC_ISA_USAGE = YES_ERROR;
				CLANG_WARN_EMPTY_BODY = YES;
				CLANG_WARN_ENUM_CONVERSION = YES;
				CLANG_WARN_INT_CONVERSION = YES;
				CLANG_WARN_OBJC_ROOT_CLASS = YES_ERROR;
				CLANG_WARN_UNREACHABLE_CODE = YES;
				CLANG_WARN__DUPLICATE_METHOD_MATCH = YES;
				"CODE_SIGN_IDENTITY[sdk=iphoneos*]" = "iPhone Developer";
				COPY_PHASE_STRIP = NO;
				DEBUG_INFORMATION_FORMAT = "dwarf-with-dsym";
				ENABLE_STRICT_OBJC_MSGSEND = YES;
				GCC_C_LANGUAGE_STANDARD = gnu99;
				GCC_DYNAMIC_NO_PIC = NO;
				GCC_NO_COMMON_BLOCKS = YES;
				GCC_OPTIMIZATION_LEVEL = 0;
				GCC_PREPROCESSOR_DEFINITIONS = (
					"DEBUG=1",
					"$(inherited)",
				);
				GCC_SYMBOLS_PRIVATE_EXTERN = NO;
				GCC_WARN_64_TO_32_BIT_CONVERSION = YES;
				GCC_WARN_ABOUT_RETURN_TYPE = YES_ERROR;
				GCC_WARN_UNDECLARED_SELECTOR = YES;
				GCC_WARN_UNINITIALIZED_AUTOS = YES_AGGRESSIVE;
				GCC_WARN_UNUSED_FUNCTION = YES;
				GCC_WARN_UNUSED_VARIABLE = YES;
				IPHONEOS_DEPLOYMENT_TARGET = 8.4;
				MTL_ENABLE_DEBUG_INFO = YES;
				ONLY_ACTIVE_ARCH = YES;
				SDKROOT = iphoneos;
				SWIFT_OPTIMIZATION_LEVEL = "-Onone";
			};
			name = Debug;
		};
		9920AACD1B2474330065B12C /* Release */ = {
			isa = XCBuildConfiguration;
			buildSettings = {
				ALWAYS_SEARCH_USER_PATHS = NO;
				CLANG_CXX_LANGUAGE_STANDARD = "gnu++0x";
				CLANG_CXX_LIBRARY = "libc++";
				CLANG_ENABLE_MODULES = YES;
				CLANG_ENABLE_OBJC_ARC = YES;
				CLANG_WARN_BOOL_CONVERSION = YES;
				CLANG_WARN_CONSTANT_CONVERSION = YES;
				CLANG_WARN_DIRECT_OBJC_ISA_USAGE = YES_ERROR;
				CLANG_WARN_EMPTY_BODY = YES;
				CLANG_WARN_ENUM_CONVERSION = YES;
				CLANG_WARN_INT_CONVERSION = YES;
				CLANG_WARN_OBJC_ROOT_CLASS = YES_ERROR;
				CLANG_WARN_UNREACHABLE_CODE = YES;
				CLANG_WARN__DUPLICATE_METHOD_MATCH = YES;
				"CODE_SIGN_IDENTITY[sdk=iphoneos*]" = "iPhone Developer";
				COPY_PHASE_STRIP = NO;
				DEBUG_INFORMATION_FORMAT = "dwarf-with-dsym";
				ENABLE_NS_ASSERTIONS = NO;
				ENABLE_STRICT_OBJC_MSGSEND = YES;
				GCC_C_LANGUAGE_STANDARD = gnu99;
				GCC_NO_COMMON_BLOCKS = YES;
				GCC_WARN_64_TO_32_BIT_CONVERSION = YES;
				GCC_WARN_ABOUT_RETURN_TYPE = YES_ERROR;
				GCC_WARN_UNDECLARED_SELECTOR = YES;
				GCC_WARN_UNINITIALIZED_AUTOS = YES_AGGRESSIVE;
				GCC_WARN_UNUSED_FUNCTION = YES;
				GCC_WARN_UNUSED_VARIABLE = YES;
				IPHONEOS_DEPLOYMENT_TARGET = 8.4;
				MTL_ENABLE_DEBUG_INFO = NO;
				SDKROOT = iphoneos;
				VALIDATE_PRODUCT = YES;
			};
			name = Release;
		};
		9920AACF1B2474330065B12C /* Debug */ = {
			isa = XCBuildConfiguration;
			buildSettings = {
				ASSETCATALOG_COMPILER_APPICON_NAME = AppIcon;
				INFOPLIST_FILE = Info.plist;
				LD_RUNPATH_SEARCH_PATHS = "$(inherited) @executable_path/Frameworks";
				PRODUCT_NAME = "$(TARGET_NAME)";
			};
			name = Debug;
		};
		9920AAD01B2474330065B12C /* Release */ = {
			isa = XCBuildConfiguration;
			buildSettings = {
				ASSETCATALOG_COMPILER_APPICON_NAME = AppIcon;
				INFOPLIST_FILE = Info.plist;
				LD_RUNPATH_SEARCH_PATHS = "$(inherited) @executable_path/Frameworks";
				PRODUCT_NAME = "$(TARGET_NAME)";
			};
			name = Release;
		};
		9920AAD21B2474330065B12C /* Debug */ = {
			isa = XCBuildConfiguration;
			buildSettings = {
				BUNDLE_LOADER = "$(TEST_HOST)";
				FRAMEWORK_SEARCH_PATHS = (
					"$(SDKROOT)/Developer/Library/Frameworks",
					"$(inherited)",
				);
				GCC_PREPROCESSOR_DEFINITIONS = (
					"DEBUG=1",
					"$(inherited)",
				);
				INFOPLIST_FILE = ArrowTests/Info.plist;
				LD_RUNPATH_SEARCH_PATHS = "$(inherited) @executable_path/Frameworks @loader_path/Frameworks";
				PRODUCT_NAME = "$(TARGET_NAME)";
				TEST_HOST = "$(BUILT_PRODUCTS_DIR)/Arrow.app/Arrow";
			};
			name = Debug;
		};
		9920AAD31B2474330065B12C /* Release */ = {
			isa = XCBuildConfiguration;
			buildSettings = {
				BUNDLE_LOADER = "$(TEST_HOST)";
				FRAMEWORK_SEARCH_PATHS = (
					"$(SDKROOT)/Developer/Library/Frameworks",
					"$(inherited)",
				);
				INFOPLIST_FILE = ArrowTests/Info.plist;
				LD_RUNPATH_SEARCH_PATHS = "$(inherited) @executable_path/Frameworks @loader_path/Frameworks";
				PRODUCT_NAME = "$(TARGET_NAME)";
				TEST_HOST = "$(BUILT_PRODUCTS_DIR)/Arrow.app/Arrow";
			};
			name = Release;
		};
/* End XCBuildConfiguration section */

/* Begin XCConfigurationList section */
		9920AAAA1B2474330065B12C /* Build configuration list for PBXProject "Arrow" */ = {
			isa = XCConfigurationList;
			buildConfigurations = (
				9920AACC1B2474330065B12C /* Debug */,
				9920AACD1B2474330065B12C /* Release */,
			);
			defaultConfigurationIsVisible = 0;
			defaultConfigurationName = Release;
		};
		9920AACE1B2474330065B12C /* Build configuration list for PBXNativeTarget "Arrow" */ = {
			isa = XCConfigurationList;
			buildConfigurations = (
				9920AACF1B2474330065B12C /* Debug */,
				9920AAD01B2474330065B12C /* Release */,
			);
			defaultConfigurationIsVisible = 0;
			defaultConfigurationName = Release;
		};
		9920AAD11B2474330065B12C /* Build configuration list for PBXNativeTarget "ArrowTests" */ = {
			isa = XCConfigurationList;
			buildConfigurations = (
				9920AAD21B2474330065B12C /* Debug */,
				9920AAD31B2474330065B12C /* Release */,
			);
			defaultConfigurationIsVisible = 0;
			defaultConfigurationName = Release;
		};
/* End XCConfigurationList section */
	};
	rootObject = 9920AAA71B2474330065B12C /* Project object */;
}
