// !$*UTF8*$!
{
	archiveVersion = 1;
	classes = {
	};
	objectVersion = 46;
	objects = {

/* Begin PBXBuildFile section */
		501B4F4E1DD0BA0800721F84 /* TypeConversionTests.swift in Sources */ = {isa = PBXBuildFile; fileRef = 501B4F4D1DD0BA0800721F84 /* TypeConversionTests.swift */; };
		5084897D1DCB794D004BED69 /* CustomRawRepresentableContainer.swift in Sources */ = {isa = PBXBuildFile; fileRef = 5084897C1DCB794D004BED69 /* CustomRawRepresentableContainer.swift */; };
		5084897F1DCB7AD2004BED69 /* CustomRawRepresentableContainer+JSON.swift in Sources */ = {isa = PBXBuildFile; fileRef = 5084897E1DCB7AD2004BED69 /* CustomRawRepresentableContainer+JSON.swift */; };
		508489811DCB7B11004BED69 /* CustomRawRepresentableTests.swift in Sources */ = {isa = PBXBuildFile; fileRef = 508489801DCB7B11004BED69 /* CustomRawRepresentableTests.swift */; };
		992CCA9F1F7BF81200B170C8 /* Arrow.swift in Sources */ = {isa = PBXBuildFile; fileRef = 992CCA9B1F7BF79D00B170C8 /* Arrow.swift */; };
		992CCAA01F7BF81600B170C8 /* JSON.swift in Sources */ = {isa = PBXBuildFile; fileRef = 992CCA9E1F7BF79D00B170C8 /* JSON.swift */; };
		992CCAA21F7BF81B00B170C8 /* Extensions.swift in Sources */ = {isa = PBXBuildFile; fileRef = 992CCA9C1F7BF79D00B170C8 /* Extensions.swift */; };
		992CCAA41F7BF8FA00B170C8 /* Arrow.h in Headers */ = {isa = PBXBuildFile; fileRef = 992CCA9A1F7BF79D00B170C8 /* Arrow.h */; settings = {ATTRIBUTES = (Public, ); }; };
		994243AD1CAA4F3E00B5DB6C /* Profile.swift in Sources */ = {isa = PBXBuildFile; fileRef = 994243AC1CAA4F3E00B5DB6C /* Profile.swift */; };
		994243AF1CAA4F4D00B5DB6C /* Stats.swift in Sources */ = {isa = PBXBuildFile; fileRef = 994243AE1CAA4F4D00B5DB6C /* Stats.swift */; };
		994243B11CAA502A00B5DB6C /* Profile.json in Resources */ = {isa = PBXBuildFile; fileRef = 994243B01CAA502A00B5DB6C /* Profile.json */; };
		998FA6E31D32644C003C7047 /* EnumTests.swift in Sources */ = {isa = PBXBuildFile; fileRef = 998FA6E21D32644C003C7047 /* EnumTests.swift */; };
		998FA6E51D3264DE003C7047 /* DateTests.swift in Sources */ = {isa = PBXBuildFile; fileRef = 998FA6E41D3264DE003C7047 /* DateTests.swift */; };
		998FA6E71D3265A6003C7047 /* URLTests.swift in Sources */ = {isa = PBXBuildFile; fileRef = 998FA6E61D3265A6003C7047 /* URLTests.swift */; };
		998FA6E91D3266DA003C7047 /* ArrayTests.swift in Sources */ = {isa = PBXBuildFile; fileRef = 998FA6E81D3266DA003C7047 /* ArrayTests.swift */; };
		998FA6EB1D32681D003C7047 /* PhoneNumber.swift in Sources */ = {isa = PBXBuildFile; fileRef = 998FA6EA1D32681D003C7047 /* PhoneNumber.swift */; };
		998FA6ED1D326926003C7047 /* EnumContainer+JSON.swift in Sources */ = {isa = PBXBuildFile; fileRef = 998FA6EC1D326926003C7047 /* EnumContainer+JSON.swift */; };
		998FA6F01D326963003C7047 /* Difficulty.swift in Sources */ = {isa = PBXBuildFile; fileRef = 998FA6EF1D326963003C7047 /* Difficulty.swift */; };
		998FA6F21D32696F003C7047 /* WeekDay.swift in Sources */ = {isa = PBXBuildFile; fileRef = 998FA6F11D32696F003C7047 /* WeekDay.swift */; };
		998FA6F41D3269A1003C7047 /* EnumContainer.swift in Sources */ = {isa = PBXBuildFile; fileRef = 998FA6F31D3269A1003C7047 /* EnumContainer.swift */; };
		998FA6F61D3269BB003C7047 /* DateContainer.swift in Sources */ = {isa = PBXBuildFile; fileRef = 998FA6F51D3269BB003C7047 /* DateContainer.swift */; };
		998FA6F81D3269CF003C7047 /* DateContainer+JSON.swift in Sources */ = {isa = PBXBuildFile; fileRef = 998FA6F71D3269CF003C7047 /* DateContainer+JSON.swift */; };
		998FA6FA1D326A2D003C7047 /* CustomModelTests.swift in Sources */ = {isa = PBXBuildFile; fileRef = 998FA6F91D326A2D003C7047 /* CustomModelTests.swift */; };
		998FA6FC1D326A4D003C7047 /* CustomModelContainer.swift in Sources */ = {isa = PBXBuildFile; fileRef = 998FA6FB1D326A4D003C7047 /* CustomModelContainer.swift */; };
		998FA6FE1D326A70003C7047 /* CustomModelContainer+JSON.swift in Sources */ = {isa = PBXBuildFile; fileRef = 998FA6FD1D326A70003C7047 /* CustomModelContainer+JSON.swift */; };
		998FA7001D326B2B003C7047 /* URLContainer.swift in Sources */ = {isa = PBXBuildFile; fileRef = 998FA6FF1D326B2B003C7047 /* URLContainer.swift */; };
		998FA7021D326B40003C7047 /* URLContainer+JSON.swift in Sources */ = {isa = PBXBuildFile; fileRef = 998FA7011D326B40003C7047 /* URLContainer+JSON.swift */; };
		998FA7041D326CDD003C7047 /* StringTests.swift in Sources */ = {isa = PBXBuildFile; fileRef = 998FA7031D326CDD003C7047 /* StringTests.swift */; };
		998FA7061D326D4B003C7047 /* StringContainer.swift in Sources */ = {isa = PBXBuildFile; fileRef = 998FA7051D326D4B003C7047 /* StringContainer.swift */; };
		998FA7081D326D63003C7047 /* StringContainer+JSON.swift in Sources */ = {isa = PBXBuildFile; fileRef = 998FA7071D326D63003C7047 /* StringContainer+JSON.swift */; };
		998FA70A1D32713F003C7047 /* StringCoercionTests.swift in Sources */ = {isa = PBXBuildFile; fileRef = 998FA7091D32713F003C7047 /* StringCoercionTests.swift */; };
		99C292F21B24AD5F0008C32B /* Arrow.framework in Frameworks */ = {isa = PBXBuildFile; fileRef = 99C292E71B24AD5E0008C32B /* Arrow.framework */; };
		99C292FB1B24AD5F0008C32B /* NativeTypesTests.swift in Sources */ = {isa = PBXBuildFile; fileRef = 99C292FA1B24AD5F0008C32B /* NativeTypesTests.swift */; };
		99F4F0671CC3FC710018D4C1 /* PhoneNumber+JSON.swift in Sources */ = {isa = PBXBuildFile; fileRef = 99F4F0641CC3FC710018D4C1 /* PhoneNumber+JSON.swift */; };
		99F4F0681CC3FC710018D4C1 /* Profile+JSON.swift in Sources */ = {isa = PBXBuildFile; fileRef = 99F4F0651CC3FC710018D4C1 /* Profile+JSON.swift */; };
		99F4F0691CC3FC710018D4C1 /* Stats+JSON.swift in Sources */ = {isa = PBXBuildFile; fileRef = 99F4F0661CC3FC710018D4C1 /* Stats+JSON.swift */; };
/* End PBXBuildFile section */

/* Begin PBXContainerItemProxy section */
		99C292F31B24AD5F0008C32B /* PBXContainerItemProxy */ = {
			isa = PBXContainerItemProxy;
			containerPortal = 99C292B51B24AD4A0008C32B /* Project object */;
			proxyType = 1;
			remoteGlobalIDString = 99C292E61B24AD5E0008C32B;
			remoteInfo = Arrow;
		};
/* End PBXContainerItemProxy section */

/* Begin PBXFileReference section */
		501B4F4D1DD0BA0800721F84 /* TypeConversionTests.swift */ = {isa = PBXFileReference; fileEncoding = 4; lastKnownFileType = sourcecode.swift; path = TypeConversionTests.swift; sourceTree = "<group>"; };
		5084897C1DCB794D004BED69 /* CustomRawRepresentableContainer.swift */ = {isa = PBXFileReference; fileEncoding = 4; lastKnownFileType = sourcecode.swift; path = CustomRawRepresentableContainer.swift; sourceTree = "<group>"; };
		5084897E1DCB7AD2004BED69 /* CustomRawRepresentableContainer+JSON.swift */ = {isa = PBXFileReference; fileEncoding = 4; lastKnownFileType = sourcecode.swift; path = "CustomRawRepresentableContainer+JSON.swift"; sourceTree = "<group>"; };
		508489801DCB7B11004BED69 /* CustomRawRepresentableTests.swift */ = {isa = PBXFileReference; fileEncoding = 4; lastKnownFileType = sourcecode.swift; path = CustomRawRepresentableTests.swift; sourceTree = "<group>"; };
		992CCA9A1F7BF79D00B170C8 /* Arrow.h */ = {isa = PBXFileReference; lastKnownFileType = sourcecode.c.h; path = Arrow.h; sourceTree = "<group>"; };
		992CCA9B1F7BF79D00B170C8 /* Arrow.swift */ = {isa = PBXFileReference; lastKnownFileType = sourcecode.swift; path = Arrow.swift; sourceTree = "<group>"; };
		992CCA9C1F7BF79D00B170C8 /* Extensions.swift */ = {isa = PBXFileReference; lastKnownFileType = sourcecode.swift; path = Extensions.swift; sourceTree = "<group>"; };
		992CCA9D1F7BF79D00B170C8 /* Info.plist */ = {isa = PBXFileReference; lastKnownFileType = text.plist.xml; path = Info.plist; sourceTree = "<group>"; };
		992CCA9E1F7BF79D00B170C8 /* JSON.swift */ = {isa = PBXFileReference; lastKnownFileType = sourcecode.swift; path = JSON.swift; sourceTree = "<group>"; };
		994243AC1CAA4F3E00B5DB6C /* Profile.swift */ = {isa = PBXFileReference; fileEncoding = 4; lastKnownFileType = sourcecode.swift; path = Profile.swift; sourceTree = "<group>"; };
		994243AE1CAA4F4D00B5DB6C /* Stats.swift */ = {isa = PBXFileReference; fileEncoding = 4; lastKnownFileType = sourcecode.swift; path = Stats.swift; sourceTree = "<group>"; };
		994243B01CAA502A00B5DB6C /* Profile.json */ = {isa = PBXFileReference; fileEncoding = 4; lastKnownFileType = text.json; path = Profile.json; sourceTree = "<group>"; };
		998FA6E21D32644C003C7047 /* EnumTests.swift */ = {isa = PBXFileReference; fileEncoding = 4; lastKnownFileType = sourcecode.swift; path = EnumTests.swift; sourceTree = "<group>"; };
		998FA6E41D3264DE003C7047 /* DateTests.swift */ = {isa = PBXFileReference; fileEncoding = 4; lastKnownFileType = sourcecode.swift; path = DateTests.swift; sourceTree = "<group>"; };
		998FA6E61D3265A6003C7047 /* URLTests.swift */ = {isa = PBXFileReference; fileEncoding = 4; lastKnownFileType = sourcecode.swift; path = URLTests.swift; sourceTree = "<group>"; };
		998FA6E81D3266DA003C7047 /* ArrayTests.swift */ = {isa = PBXFileReference; fileEncoding = 4; lastKnownFileType = sourcecode.swift; path = ArrayTests.swift; sourceTree = "<group>"; };
		998FA6EA1D32681D003C7047 /* PhoneNumber.swift */ = {isa = PBXFileReference; fileEncoding = 4; lastKnownFileType = sourcecode.swift; path = PhoneNumber.swift; sourceTree = "<group>"; };
		998FA6EC1D326926003C7047 /* EnumContainer+JSON.swift */ = {isa = PBXFileReference; fileEncoding = 4; lastKnownFileType = sourcecode.swift; path = "EnumContainer+JSON.swift"; sourceTree = "<group>"; };
		998FA6EF1D326963003C7047 /* Difficulty.swift */ = {isa = PBXFileReference; fileEncoding = 4; lastKnownFileType = sourcecode.swift; path = Difficulty.swift; sourceTree = "<group>"; };
		998FA6F11D32696F003C7047 /* WeekDay.swift */ = {isa = PBXFileReference; fileEncoding = 4; lastKnownFileType = sourcecode.swift; path = WeekDay.swift; sourceTree = "<group>"; };
		998FA6F31D3269A1003C7047 /* EnumContainer.swift */ = {isa = PBXFileReference; fileEncoding = 4; lastKnownFileType = sourcecode.swift; path = EnumContainer.swift; sourceTree = "<group>"; };
		998FA6F51D3269BB003C7047 /* DateContainer.swift */ = {isa = PBXFileReference; fileEncoding = 4; lastKnownFileType = sourcecode.swift; path = DateContainer.swift; sourceTree = "<group>"; };
		998FA6F71D3269CF003C7047 /* DateContainer+JSON.swift */ = {isa = PBXFileReference; fileEncoding = 4; lastKnownFileType = sourcecode.swift; path = "DateContainer+JSON.swift"; sourceTree = "<group>"; };
		998FA6F91D326A2D003C7047 /* CustomModelTests.swift */ = {isa = PBXFileReference; fileEncoding = 4; lastKnownFileType = sourcecode.swift; path = CustomModelTests.swift; sourceTree = "<group>"; };
		998FA6FB1D326A4D003C7047 /* CustomModelContainer.swift */ = {isa = PBXFileReference; fileEncoding = 4; lastKnownFileType = sourcecode.swift; path = CustomModelContainer.swift; sourceTree = "<group>"; };
		998FA6FD1D326A70003C7047 /* CustomModelContainer+JSON.swift */ = {isa = PBXFileReference; fileEncoding = 4; lastKnownFileType = sourcecode.swift; path = "CustomModelContainer+JSON.swift"; sourceTree = "<group>"; };
		998FA6FF1D326B2B003C7047 /* URLContainer.swift */ = {isa = PBXFileReference; fileEncoding = 4; lastKnownFileType = sourcecode.swift; path = URLContainer.swift; sourceTree = "<group>"; };
		998FA7011D326B40003C7047 /* URLContainer+JSON.swift */ = {isa = PBXFileReference; fileEncoding = 4; lastKnownFileType = sourcecode.swift; path = "URLContainer+JSON.swift"; sourceTree = "<group>"; };
		998FA7031D326CDD003C7047 /* StringTests.swift */ = {isa = PBXFileReference; fileEncoding = 4; lastKnownFileType = sourcecode.swift; path = StringTests.swift; sourceTree = "<group>"; };
		998FA7051D326D4B003C7047 /* StringContainer.swift */ = {isa = PBXFileReference; fileEncoding = 4; lastKnownFileType = sourcecode.swift; path = StringContainer.swift; sourceTree = "<group>"; };
		998FA7071D326D63003C7047 /* StringContainer+JSON.swift */ = {isa = PBXFileReference; fileEncoding = 4; lastKnownFileType = sourcecode.swift; path = "StringContainer+JSON.swift"; sourceTree = "<group>"; };
		998FA7091D32713F003C7047 /* StringCoercionTests.swift */ = {isa = PBXFileReference; fileEncoding = 4; lastKnownFileType = sourcecode.swift; path = StringCoercionTests.swift; sourceTree = "<group>"; };
		99C292E71B24AD5E0008C32B /* Arrow.framework */ = {isa = PBXFileReference; explicitFileType = wrapper.framework; includeInIndex = 0; path = Arrow.framework; sourceTree = BUILT_PRODUCTS_DIR; };
		99C292F11B24AD5F0008C32B /* ArrowTests.xctest */ = {isa = PBXFileReference; explicitFileType = wrapper.cfbundle; includeInIndex = 0; path = ArrowTests.xctest; sourceTree = BUILT_PRODUCTS_DIR; };
		99C292F91B24AD5F0008C32B /* Info.plist */ = {isa = PBXFileReference; lastKnownFileType = text.plist.xml; path = Info.plist; sourceTree = "<group>"; };
		99C292FA1B24AD5F0008C32B /* NativeTypesTests.swift */ = {isa = PBXFileReference; lastKnownFileType = sourcecode.swift; path = NativeTypesTests.swift; sourceTree = "<group>"; };
		99F4F0641CC3FC710018D4C1 /* PhoneNumber+JSON.swift */ = {isa = PBXFileReference; fileEncoding = 4; lastKnownFileType = sourcecode.swift; path = "PhoneNumber+JSON.swift"; sourceTree = "<group>"; };
		99F4F0651CC3FC710018D4C1 /* Profile+JSON.swift */ = {isa = PBXFileReference; fileEncoding = 4; lastKnownFileType = sourcecode.swift; path = "Profile+JSON.swift"; sourceTree = "<group>"; };
		99F4F0661CC3FC710018D4C1 /* Stats+JSON.swift */ = {isa = PBXFileReference; fileEncoding = 4; lastKnownFileType = sourcecode.swift; path = "Stats+JSON.swift"; sourceTree = "<group>"; };
/* End PBXFileReference section */

/* Begin PBXFrameworksBuildPhase section */
		99C292E31B24AD5E0008C32B /* Frameworks */ = {
			isa = PBXFrameworksBuildPhase;
			buildActionMask = 2147483647;
			files = (
			);
			runOnlyForDeploymentPostprocessing = 0;
		};
		99C292EE1B24AD5F0008C32B /* Frameworks */ = {
			isa = PBXFrameworksBuildPhase;
			buildActionMask = 2147483647;
			files = (
				99C292F21B24AD5F0008C32B /* Arrow.framework in Frameworks */,
			);
			runOnlyForDeploymentPostprocessing = 0;
		};
/* End PBXFrameworksBuildPhase section */

/* Begin PBXGroup section */
		992CCA991F7BF79D00B170C8 /* Source */ = {
			isa = PBXGroup;
			children = (
				992CCA9A1F7BF79D00B170C8 /* Arrow.h */,
				992CCA9B1F7BF79D00B170C8 /* Arrow.swift */,
				992CCA9C1F7BF79D00B170C8 /* Extensions.swift */,
				992CCA9D1F7BF79D00B170C8 /* Info.plist */,
				992CCA9E1F7BF79D00B170C8 /* JSON.swift */,
			);
			path = Source;
			sourceTree = "<group>";
		};
		998FA6EE1D326945003C7047 /* Models */ = {
			isa = PBXGroup;
			children = (
				994243AC1CAA4F3E00B5DB6C /* Profile.swift */,
				994243AE1CAA4F4D00B5DB6C /* Stats.swift */,
				998FA6EA1D32681D003C7047 /* PhoneNumber.swift */,
				998FA6EF1D326963003C7047 /* Difficulty.swift */,
				998FA6F11D32696F003C7047 /* WeekDay.swift */,
				998FA6F31D3269A1003C7047 /* EnumContainer.swift */,
				998FA6F51D3269BB003C7047 /* DateContainer.swift */,
				998FA6FF1D326B2B003C7047 /* URLContainer.swift */,
				998FA6FB1D326A4D003C7047 /* CustomModelContainer.swift */,
				5084897C1DCB794D004BED69 /* CustomRawRepresentableContainer.swift */,
				998FA7051D326D4B003C7047 /* StringContainer.swift */,
			);
			name = Models;
			sourceTree = "<group>";
		};
		99C292B41B24AD4A0008C32B = {
			isa = PBXGroup;
			children = (
				992CCA991F7BF79D00B170C8 /* Source */,
				99C292F71B24AD5F0008C32B /* ArrowTests */,
				99C292BE1B24AD4A0008C32B /* Products */,
			);
			sourceTree = "<group>";
		};
		99C292BE1B24AD4A0008C32B /* Products */ = {
			isa = PBXGroup;
			children = (
				99C292E71B24AD5E0008C32B /* Arrow.framework */,
				99C292F11B24AD5F0008C32B /* ArrowTests.xctest */,
			);
			name = Products;
			sourceTree = "<group>";
		};
		99C292F71B24AD5F0008C32B /* ArrowTests */ = {
			isa = PBXGroup;
			children = (
				99C292FA1B24AD5F0008C32B /* NativeTypesTests.swift */,
				998FA6E21D32644C003C7047 /* EnumTests.swift */,
				998FA7091D32713F003C7047 /* StringCoercionTests.swift */,
				998FA7031D326CDD003C7047 /* StringTests.swift */,
				998FA6E61D3265A6003C7047 /* URLTests.swift */,
				998FA6E41D3264DE003C7047 /* DateTests.swift */,
				998FA6E81D3266DA003C7047 /* ArrayTests.swift */,
				998FA6F91D326A2D003C7047 /* CustomModelTests.swift */,
				508489801DCB7B11004BED69 /* CustomRawRepresentableTests.swift */,
				501B4F4D1DD0BA0800721F84 /* TypeConversionTests.swift */,
				998FA6EE1D326945003C7047 /* Models */,
				99F4F0631CC3FC710018D4C1 /* mapping */,
				994243B01CAA502A00B5DB6C /* Profile.json */,
				99C292F81B24AD5F0008C32B /* Supporting Files */,
			);
			path = ArrowTests;
			sourceTree = "<group>";
		};
		99C292F81B24AD5F0008C32B /* Supporting Files */ = {
			isa = PBXGroup;
			children = (
				99C292F91B24AD5F0008C32B /* Info.plist */,
			);
			name = "Supporting Files";
			sourceTree = "<group>";
		};
		99F4F0631CC3FC710018D4C1 /* mapping */ = {
			isa = PBXGroup;
			children = (
				99F4F0651CC3FC710018D4C1 /* Profile+JSON.swift */,
				998FA7071D326D63003C7047 /* StringContainer+JSON.swift */,
				998FA7011D326B40003C7047 /* URLContainer+JSON.swift */,
				998FA6FD1D326A70003C7047 /* CustomModelContainer+JSON.swift */,
				99F4F0661CC3FC710018D4C1 /* Stats+JSON.swift */,
				99F4F0641CC3FC710018D4C1 /* PhoneNumber+JSON.swift */,
				998FA6EC1D326926003C7047 /* EnumContainer+JSON.swift */,
				998FA6F71D3269CF003C7047 /* DateContainer+JSON.swift */,
				5084897E1DCB7AD2004BED69 /* CustomRawRepresentableContainer+JSON.swift */,
			);
			path = mapping;
			sourceTree = "<group>";
		};
/* End PBXGroup section */

/* Begin PBXHeadersBuildPhase section */
		99C292E41B24AD5E0008C32B /* Headers */ = {
			isa = PBXHeadersBuildPhase;
			buildActionMask = 2147483647;
			files = (
				992CCAA41F7BF8FA00B170C8 /* Arrow.h in Headers */,
			);
			runOnlyForDeploymentPostprocessing = 0;
		};
/* End PBXHeadersBuildPhase section */

/* Begin PBXNativeTarget section */
		99C292E61B24AD5E0008C32B /* Arrow */ = {
			isa = PBXNativeTarget;
			buildConfigurationList = 99C293001B24AD5F0008C32B /* Build configuration list for PBXNativeTarget "Arrow" */;
			buildPhases = (
				99C292E21B24AD5E0008C32B /* Sources */,
				99C292E31B24AD5E0008C32B /* Frameworks */,
				99C292E41B24AD5E0008C32B /* Headers */,
				99C292E51B24AD5E0008C32B /* Resources */,
				99709F361D310F74002A92D5 /* Run swiftlint */,
			);
			buildRules = (
			);
			dependencies = (
			);
			name = Arrow;
			productName = Arrow;
			productReference = 99C292E71B24AD5E0008C32B /* Arrow.framework */;
			productType = "com.apple.product-type.framework";
		};
		99C292F01B24AD5F0008C32B /* ArrowTests */ = {
			isa = PBXNativeTarget;
			buildConfigurationList = 99C293041B24AD5F0008C32B /* Build configuration list for PBXNativeTarget "ArrowTests" */;
			buildPhases = (
				99C292ED1B24AD5F0008C32B /* Sources */,
				99C292EE1B24AD5F0008C32B /* Frameworks */,
				99C292EF1B24AD5F0008C32B /* Resources */,
			);
			buildRules = (
			);
			dependencies = (
				99C292F41B24AD5F0008C32B /* PBXTargetDependency */,
			);
			name = ArrowTests;
			productName = ArrowTests;
			productReference = 99C292F11B24AD5F0008C32B /* ArrowTests.xctest */;
			productType = "com.apple.product-type.bundle.unit-test";
		};
/* End PBXNativeTarget section */

/* Begin PBXProject section */
		99C292B51B24AD4A0008C32B /* Project object */ = {
			isa = PBXProject;
			attributes = {
				LastSwiftMigration = 0700;
				LastSwiftUpdateCheck = 0730;
				LastUpgradeCheck = 1000;
				ORGANIZATIONNAME = "Sacha Durand Saint Omer";
				TargetAttributes = {
					99C292E61B24AD5E0008C32B = {
						CreatedOnToolsVersion = 6.3.1;
						LastSwiftMigration = 0900;
					};
					99C292F01B24AD5F0008C32B = {
						CreatedOnToolsVersion = 6.3.1;
						DevelopmentTeam = A6CJ26NGRU;
						LastSwiftMigration = 0900;
					};
				};
			};
			buildConfigurationList = 99C292B81B24AD4A0008C32B /* Build configuration list for PBXProject "Arrow" */;
			compatibilityVersion = "Xcode 3.2";
			developmentRegion = English;
			hasScannedForEncodings = 0;
			knownRegions = (
				en,
				Base,
			);
			mainGroup = 99C292B41B24AD4A0008C32B;
			productRefGroup = 99C292BE1B24AD4A0008C32B /* Products */;
			projectDirPath = "";
			projectRoot = "";
			targets = (
				99C292E61B24AD5E0008C32B /* Arrow */,
				99C292F01B24AD5F0008C32B /* ArrowTests */,
			);
		};
/* End PBXProject section */

/* Begin PBXResourcesBuildPhase section */
		99C292E51B24AD5E0008C32B /* Resources */ = {
			isa = PBXResourcesBuildPhase;
			buildActionMask = 2147483647;
			files = (
			);
			runOnlyForDeploymentPostprocessing = 0;
		};
		99C292EF1B24AD5F0008C32B /* Resources */ = {
			isa = PBXResourcesBuildPhase;
			buildActionMask = 2147483647;
			files = (
				994243B11CAA502A00B5DB6C /* Profile.json in Resources */,
			);
			runOnlyForDeploymentPostprocessing = 0;
		};
/* End PBXResourcesBuildPhase section */

/* Begin PBXShellScriptBuildPhase section */
		99709F361D310F74002A92D5 /* Run swiftlint */ = {
			isa = PBXShellScriptBuildPhase;
			buildActionMask = 12;
			files = (
			);
			inputPaths = (
			);
			name = "Run swiftlint";
			outputPaths = (
			);
			runOnlyForDeploymentPostprocessing = 0;
			shellPath = /bin/sh;
			shellScript = "if which swiftlint >/dev/null; then\nswiftlint\nelse\necho \"warning: SwiftLint not installed, download from https://github.com/realm/SwiftLint\"\nfi\n";
		};
/* End PBXShellScriptBuildPhase section */

/* Begin PBXSourcesBuildPhase section */
		99C292E21B24AD5E0008C32B /* Sources */ = {
			isa = PBXSourcesBuildPhase;
			buildActionMask = 2147483647;
			files = (
				992CCA9F1F7BF81200B170C8 /* Arrow.swift in Sources */,
				992CCAA21F7BF81B00B170C8 /* Extensions.swift in Sources */,
				992CCAA01F7BF81600B170C8 /* JSON.swift in Sources */,
			);
			runOnlyForDeploymentPostprocessing = 0;
		};
		99C292ED1B24AD5F0008C32B /* Sources */ = {
			isa = PBXSourcesBuildPhase;
			buildActionMask = 2147483647;
			files = (
				99F4F0671CC3FC710018D4C1 /* PhoneNumber+JSON.swift in Sources */,
				998FA6EB1D32681D003C7047 /* PhoneNumber.swift in Sources */,
				5084897F1DCB7AD2004BED69 /* CustomRawRepresentableContainer+JSON.swift in Sources */,
				998FA7041D326CDD003C7047 /* StringTests.swift in Sources */,
				998FA6E91D3266DA003C7047 /* ArrayTests.swift in Sources */,
				998FA7001D326B2B003C7047 /* URLContainer.swift in Sources */,
				998FA6ED1D326926003C7047 /* EnumContainer+JSON.swift in Sources */,
				99F4F0681CC3FC710018D4C1 /* Profile+JSON.swift in Sources */,
				998FA7021D326B40003C7047 /* URLContainer+JSON.swift in Sources */,
				508489811DCB7B11004BED69 /* CustomRawRepresentableTests.swift in Sources */,
				99C292FB1B24AD5F0008C32B /* NativeTypesTests.swift in Sources */,
				998FA6E31D32644C003C7047 /* EnumTests.swift in Sources */,
				998FA7061D326D4B003C7047 /* StringContainer.swift in Sources */,
				994243AF1CAA4F4D00B5DB6C /* Stats.swift in Sources */,
				998FA6F41D3269A1003C7047 /* EnumContainer.swift in Sources */,
				99F4F0691CC3FC710018D4C1 /* Stats+JSON.swift in Sources */,
				998FA70A1D32713F003C7047 /* StringCoercionTests.swift in Sources */,
				998FA6FC1D326A4D003C7047 /* CustomModelContainer.swift in Sources */,
				994243AD1CAA4F3E00B5DB6C /* Profile.swift in Sources */,
				501B4F4E1DD0BA0800721F84 /* TypeConversionTests.swift in Sources */,
				998FA6F61D3269BB003C7047 /* DateContainer.swift in Sources */,
				998FA6FE1D326A70003C7047 /* CustomModelContainer+JSON.swift in Sources */,
				998FA6E51D3264DE003C7047 /* DateTests.swift in Sources */,
				5084897D1DCB794D004BED69 /* CustomRawRepresentableContainer.swift in Sources */,
				998FA6F81D3269CF003C7047 /* DateContainer+JSON.swift in Sources */,
				998FA6FA1D326A2D003C7047 /* CustomModelTests.swift in Sources */,
				998FA6F21D32696F003C7047 /* WeekDay.swift in Sources */,
				998FA6E71D3265A6003C7047 /* URLTests.swift in Sources */,
				998FA6F01D326963003C7047 /* Difficulty.swift in Sources */,
				998FA7081D326D63003C7047 /* StringContainer+JSON.swift in Sources */,
			);
			runOnlyForDeploymentPostprocessing = 0;
		};
/* End PBXSourcesBuildPhase section */

/* Begin PBXTargetDependency section */
		99C292F41B24AD5F0008C32B /* PBXTargetDependency */ = {
			isa = PBXTargetDependency;
			target = 99C292E61B24AD5E0008C32B /* Arrow */;
			targetProxy = 99C292F31B24AD5F0008C32B /* PBXContainerItemProxy */;
		};
/* End PBXTargetDependency section */

/* Begin XCBuildConfiguration section */
		99C292DA1B24AD4A0008C32B /* Debug */ = {
			isa = XCBuildConfiguration;
			buildSettings = {
				ALWAYS_SEARCH_USER_PATHS = NO;
				CLANG_CXX_LANGUAGE_STANDARD = "gnu++0x";
				CLANG_CXX_LIBRARY = "libc++";
				CLANG_ENABLE_CODE_COVERAGE = NO;
				CLANG_ENABLE_MODULES = YES;
				CLANG_ENABLE_OBJC_ARC = YES;
				CLANG_WARN_BLOCK_CAPTURE_AUTORELEASING = YES;
				CLANG_WARN_BOOL_CONVERSION = YES;
				CLANG_WARN_COMMA = YES;
				CLANG_WARN_CONSTANT_CONVERSION = YES;
				CLANG_WARN_DEPRECATED_OBJC_IMPLEMENTATIONS = YES;
				CLANG_WARN_DIRECT_OBJC_ISA_USAGE = YES_ERROR;
				CLANG_WARN_EMPTY_BODY = YES;
				CLANG_WARN_ENUM_CONVERSION = YES;
				CLANG_WARN_INFINITE_RECURSION = YES;
				CLANG_WARN_INT_CONVERSION = YES;
				CLANG_WARN_NON_LITERAL_NULL_CONVERSION = YES;
				CLANG_WARN_OBJC_IMPLICIT_RETAIN_SELF = YES;
				CLANG_WARN_OBJC_LITERAL_CONVERSION = YES;
				CLANG_WARN_OBJC_ROOT_CLASS = YES_ERROR;
				CLANG_WARN_RANGE_LOOP_ANALYSIS = YES;
				CLANG_WARN_STRICT_PROTOTYPES = YES;
				CLANG_WARN_SUSPICIOUS_MOVE = YES;
				CLANG_WARN_UNREACHABLE_CODE = YES;
				CLANG_WARN__DUPLICATE_METHOD_MATCH = YES;
				"CODE_SIGN_IDENTITY[sdk=iphoneos*]" = "iPhone Developer";
				COPY_PHASE_STRIP = NO;
				DEBUG_INFORMATION_FORMAT = "dwarf-with-dsym";
				ENABLE_STRICT_OBJC_MSGSEND = YES;
				ENABLE_TESTABILITY = YES;
				GCC_C_LANGUAGE_STANDARD = gnu99;
				GCC_DYNAMIC_NO_PIC = NO;
				GCC_NO_COMMON_BLOCKS = YES;
				GCC_OPTIMIZATION_LEVEL = 0;
				GCC_PREPROCESSOR_DEFINITIONS = (
					"DEBUG=1",
					"$(inherited)",
				);
				GCC_SYMBOLS_PRIVATE_EXTERN = NO;
				GCC_WARN_64_TO_32_BIT_CONVERSION = YES;
				GCC_WARN_ABOUT_RETURN_TYPE = YES_ERROR;
				GCC_WARN_UNDECLARED_SELECTOR = YES;
				GCC_WARN_UNINITIALIZED_AUTOS = YES_AGGRESSIVE;
				GCC_WARN_UNUSED_FUNCTION = YES;
				GCC_WARN_UNUSED_VARIABLE = YES;
				IPHONEOS_DEPLOYMENT_TARGET = 8.0;
				MTL_ENABLE_DEBUG_INFO = YES;
				ONLY_ACTIVE_ARCH = YES;
				SDKROOT = iphoneos;
				SWIFT_OPTIMIZATION_LEVEL = "-Onone";
				SWIFT_VERSION = 4.2;
			};
			name = Debug;
		};
		99C292DB1B24AD4A0008C32B /* Release */ = {
			isa = XCBuildConfiguration;
			buildSettings = {
				ALWAYS_SEARCH_USER_PATHS = NO;
				CLANG_CXX_LANGUAGE_STANDARD = "gnu++0x";
				CLANG_CXX_LIBRARY = "libc++";
				CLANG_ENABLE_CODE_COVERAGE = NO;
				CLANG_ENABLE_MODULES = YES;
				CLANG_ENABLE_OBJC_ARC = YES;
				CLANG_WARN_BLOCK_CAPTURE_AUTORELEASING = YES;
				CLANG_WARN_BOOL_CONVERSION = YES;
				CLANG_WARN_COMMA = YES;
				CLANG_WARN_CONSTANT_CONVERSION = YES;
				CLANG_WARN_DEPRECATED_OBJC_IMPLEMENTATIONS = YES;
				CLANG_WARN_DIRECT_OBJC_ISA_USAGE = YES_ERROR;
				CLANG_WARN_EMPTY_BODY = YES;
				CLANG_WARN_ENUM_CONVERSION = YES;
				CLANG_WARN_INFINITE_RECURSION = YES;
				CLANG_WARN_INT_CONVERSION = YES;
				CLANG_WARN_NON_LITERAL_NULL_CONVERSION = YES;
				CLANG_WARN_OBJC_IMPLICIT_RETAIN_SELF = YES;
				CLANG_WARN_OBJC_LITERAL_CONVERSION = YES;
				CLANG_WARN_OBJC_ROOT_CLASS = YES_ERROR;
				CLANG_WARN_RANGE_LOOP_ANALYSIS = YES;
				CLANG_WARN_STRICT_PROTOTYPES = YES;
				CLANG_WARN_SUSPICIOUS_MOVE = YES;
				CLANG_WARN_UNREACHABLE_CODE = YES;
				CLANG_WARN__DUPLICATE_METHOD_MATCH = YES;
				"CODE_SIGN_IDENTITY[sdk=iphoneos*]" = "iPhone Developer";
				COPY_PHASE_STRIP = NO;
				DEBUG_INFORMATION_FORMAT = "dwarf-with-dsym";
				ENABLE_NS_ASSERTIONS = NO;
				ENABLE_STRICT_OBJC_MSGSEND = YES;
				GCC_C_LANGUAGE_STANDARD = gnu99;
				GCC_NO_COMMON_BLOCKS = YES;
				GCC_WARN_64_TO_32_BIT_CONVERSION = YES;
				GCC_WARN_ABOUT_RETURN_TYPE = YES_ERROR;
				GCC_WARN_UNDECLARED_SELECTOR = YES;
				GCC_WARN_UNINITIALIZED_AUTOS = YES_AGGRESSIVE;
				GCC_WARN_UNUSED_FUNCTION = YES;
				GCC_WARN_UNUSED_VARIABLE = YES;
				IPHONEOS_DEPLOYMENT_TARGET = 8.0;
				MTL_ENABLE_DEBUG_INFO = NO;
				SDKROOT = iphoneos;
				SWIFT_VERSION = 4.2;
				VALIDATE_PRODUCT = YES;
			};
			name = Release;
		};
		99C293011B24AD5F0008C32B /* Debug */ = {
			isa = XCBuildConfiguration;
			buildSettings = {
				CLANG_ENABLE_MODULES = YES;
				"CODE_SIGN_IDENTITY[sdk=iphoneos*]" = "";
				CURRENT_PROJECT_VERSION = 1;
				DEFINES_MODULE = YES;
				DYLIB_COMPATIBILITY_VERSION = 1;
				DYLIB_CURRENT_VERSION = 1;
				DYLIB_INSTALL_NAME_BASE = "@rpath";
				GCC_PREPROCESSOR_DEFINITIONS = (
					"DEBUG=1",
					"$(inherited)",
				);
				INFOPLIST_FILE = Source/Info.plist;
				INSTALL_PATH = "$(LOCAL_LIBRARY_DIR)/Frameworks";
				LD_RUNPATH_SEARCH_PATHS = "$(inherited) @executable_path/Frameworks @loader_path/Frameworks";
				PRODUCT_BUNDLE_IDENTIFIER = "com.fresh.$(PRODUCT_NAME:rfc1034identifier)";
				PRODUCT_NAME = "$(TARGET_NAME)";
				SKIP_INSTALL = YES;
				SWIFT_OPTIMIZATION_LEVEL = "-Onone";
				SWIFT_SWIFT3_OBJC_INFERENCE = Default;
				SWIFT_VERSION = 4.2;
				TARGETED_DEVICE_FAMILY = "1,2";
				VERSIONING_SYSTEM = "apple-generic";
				VERSION_INFO_PREFIX = "";
			};
			name = Debug;
		};
		99C293021B24AD5F0008C32B /* Release */ = {
			isa = XCBuildConfiguration;
			buildSettings = {
				CLANG_ENABLE_MODULES = YES;
				"CODE_SIGN_IDENTITY[sdk=iphoneos*]" = "";
				CURRENT_PROJECT_VERSION = 1;
				DEFINES_MODULE = YES;
				DYLIB_COMPATIBILITY_VERSION = 1;
				DYLIB_CURRENT_VERSION = 1;
				DYLIB_INSTALL_NAME_BASE = "@rpath";
				INFOPLIST_FILE = Source/Info.plist;
				INSTALL_PATH = "$(LOCAL_LIBRARY_DIR)/Frameworks";
				LD_RUNPATH_SEARCH_PATHS = "$(inherited) @executable_path/Frameworks @loader_path/Frameworks";
				PRODUCT_BUNDLE_IDENTIFIER = "com.fresh.$(PRODUCT_NAME:rfc1034identifier)";
				PRODUCT_NAME = "$(TARGET_NAME)";
				SKIP_INSTALL = YES;
				SWIFT_OPTIMIZATION_LEVEL = "-O";
				SWIFT_SWIFT3_OBJC_INFERENCE = Default;
				SWIFT_VERSION = 4.2;
				TARGETED_DEVICE_FAMILY = "1,2";
				VERSIONING_SYSTEM = "apple-generic";
				VERSION_INFO_PREFIX = "";
			};
			name = Release;
		};
		99C293051B24AD5F0008C32B /* Debug */ = {
			isa = XCBuildConfiguration;
			buildSettings = {
				ALWAYS_EMBED_SWIFT_STANDARD_LIBRARIES = YES;
				DEVELOPMENT_TEAM = A6CJ26NGRU;
				GCC_PREPROCESSOR_DEFINITIONS = (
					"DEBUG=1",
					"$(inherited)",
				);
				INFOPLIST_FILE = ArrowTests/Info.plist;
				LD_RUNPATH_SEARCH_PATHS = "$(inherited) @executable_path/Frameworks @loader_path/Frameworks";
				PRODUCT_BUNDLE_IDENTIFIER = "com.fresh.$(PRODUCT_NAME:rfc1034identifier)";
				PRODUCT_NAME = "$(TARGET_NAME)";
				SWIFT_SWIFT3_OBJC_INFERENCE = Default;
				SWIFT_VERSION = 4.0;
			};
			name = Debug;
		};
		99C293061B24AD5F0008C32B /* Release */ = {
			isa = XCBuildConfiguration;
			buildSettings = {
				ALWAYS_EMBED_SWIFT_STANDARD_LIBRARIES = YES;
				DEVELOPMENT_TEAM = A6CJ26NGRU;
				INFOPLIST_FILE = ArrowTests/Info.plist;
				LD_RUNPATH_SEARCH_PATHS = "$(inherited) @executable_path/Frameworks @loader_path/Frameworks";
				PRODUCT_BUNDLE_IDENTIFIER = "com.fresh.$(PRODUCT_NAME:rfc1034identifier)";
				PRODUCT_NAME = "$(TARGET_NAME)";
				SWIFT_OPTIMIZATION_LEVEL = "-O";
				SWIFT_SWIFT3_OBJC_INFERENCE = Default;
				SWIFT_VERSION = 4.0;
			};
			name = Release;
		};
/* End XCBuildConfiguration section */

/* Begin XCConfigurationList section */
		99C292B81B24AD4A0008C32B /* Build configuration list for PBXProject "Arrow" */ = {
			isa = XCConfigurationList;
			buildConfigurations = (
				99C292DA1B24AD4A0008C32B /* Debug */,
				99C292DB1B24AD4A0008C32B /* Release */,
			);
			defaultConfigurationIsVisible = 0;
			defaultConfigurationName = Release;
		};
		99C293001B24AD5F0008C32B /* Build configuration list for PBXNativeTarget "Arrow" */ = {
			isa = XCConfigurationList;
			buildConfigurations = (
				99C293011B24AD5F0008C32B /* Debug */,
				99C293021B24AD5F0008C32B /* Release */,
			);
			defaultConfigurationIsVisible = 0;
			defaultConfigurationName = Release;
		};
		99C293041B24AD5F0008C32B /* Build configuration list for PBXNativeTarget "ArrowTests" */ = {
			isa = XCConfigurationList;
			buildConfigurations = (
				99C293051B24AD5F0008C32B /* Debug */,
				99C293061B24AD5F0008C32B /* Release */,
			);
			defaultConfigurationIsVisible = 0;
			defaultConfigurationName = Release;
		};
/* End XCConfigurationList section */
	};
	rootObject = 99C292B51B24AD4A0008C32B /* Project object */;
}
